
Microsoft Visual Studio Solution File, Format Version 12.00
# Visual Studio Version 16
VisualStudioVersion = 16.0.31005.135
MinimumVisualStudioVersion = 10.0.40219.1
Project("{FAE04EC0-301F-11D3-BF4B-00C04F79EFBC}") = "Data_Structures", "Data_Structures\Data_Structures.csproj", "{232FF228-40D2-4177-BEAB-DEFEA9F391F2}"
EndProject
Global
	GlobalSection(SolutionConfigurationPlatforms) = preSolution
		Debug|Any CPU = Debug|Any CPU
		Release|Any CPU = Release|Any CPU
	EndGlobalSection
	GlobalSection(ProjectConfigurationPlatforms) = postSolution
		{232FF228-40D2-4177-BEAB-DEFEA9F391F2}.Debug|Any CPU.ActiveCfg = Debug|Any CPU
		{232FF228-40D2-4177-BEAB-DEFEA9F391F2}.Debug|Any CPU.Build.0 = Debug|Any CPU
		{232FF228-40D2-4177-BEAB-DEFEA9F391F2}.Release|Any CPU.ActiveCfg = Release|Any CPU
		{232FF228-40D2-4177-BEAB-DEFEA9F391F2}.Release|Any CPU.Build.0 = Release|Any CPU
	EndGlobalSection
	GlobalSection(SolutionProperties) = preSolution
		HideSolutionNode = FALSE
	EndGlobalSection
	GlobalSection(ExtensibilityGlobals) = postSolution
		SolutionGuid = {5547B526-2695-4744-BE3C-49627A3A6096}
	EndGlobalSection
EndGlobal
